github.com/looplab/fsm v0.1.0 h1:Qte7Zdn/5hBNbXzP7yxVU4OIFHWXBovyTT2LaBTyC20=
github.com/looplab/fsm v0.1.0/go.mod h1:m2VaOfDHxqXBBMgc26m6yUOwkFn8H2AlJDE+jd/uafI=
github.com/looplab/fsm v0.2.0 h1:M8hf5EF4AYLcT1FNKVUX8nu7D0xfp291iGeuigSxfrw=
github.com/looplab/fsm v0.2.0/go.mod h1:p+IElwgCnAByqr2DWMuNbPjgMwqcHvTRZZn3dvKEke0=
